
Microsoft Visual Studio Solution File, Format Version 12.00
# Visual Studio Version 16
VisualStudioVersion = 16.0.29728.190
MinimumVisualStudioVersion = 10.0.40219.1
Project("{F184B08F-C81C-45F6-A57F-5ABD9991F28F}") = "AdventureWorks", "PlSight.Training.VBFundamentals.AdventureWorks\AdventureWorks.vbproj", "{6A756647-69BF-4232-9FCB-C764149E60E9}"
EndProject
Project("{F184B08F-C81C-45F6-A57F-5ABD9991F28F}") = "Common.Library", "Common.Library\Common.Library.vbproj", "{596ADE59-22DB-47AF-B7F4-FB5A4F174633}"
EndProject
Project("{F184B08F-C81C-45F6-A57F-5ABD9991F28F}") = "AdventureWorks.EntityLayer", "AdventureWorks.EntityLayer\AdventureWorks.EntityLayer.vbproj", "{31013B81-A6C5-47BF-BF92-D95B577FDF92}"
EndProject
Project("{F184B08F-C81C-45F6-A57F-5ABD9991F28F}") = "AdventureWorks.ViewModelLayer", "AdventureWorks.ViewModelLayer\AdventureWorks.ViewModelLayer.vbproj", "{4F66E2E0-C89A-47D9-933C-8072B6EBDD73}"
EndProject
Global
	GlobalSection(SolutionConfigurationPlatforms) = preSolution
		Debug|Any CPU = Debug|Any CPU
		Release|Any CPU = Release|Any CPU
	EndGlobalSection
	GlobalSection(ProjectConfigurationPlatforms) = postSolution
		{6A756647-69BF-4232-9FCB-C764149E60E9}.Debug|Any CPU.ActiveCfg = Debug|Any CPU
		{6A756647-69BF-4232-9FCB-C764149E60E9}.Debug|Any CPU.Build.0 = Debug|Any CPU
		{6A756647-69BF-4232-9FCB-C764149E60E9}.Release|Any CPU.ActiveCfg = Release|Any CPU
		{6A756647-69BF-4232-9FCB-C764149E60E9}.Release|Any CPU.Build.0 = Release|Any CPU
		{596ADE59-22DB-47AF-B7F4-FB5A4F174633}.Debug|Any CPU.ActiveCfg = Debug|Any CPU
		{596ADE59-22DB-47AF-B7F4-FB5A4F174633}.Debug|Any CPU.Build.0 = Debug|Any CPU
		{596ADE59-22DB-47AF-B7F4-FB5A4F174633}.Release|Any CPU.ActiveCfg = Release|Any CPU
		{596ADE59-22DB-47AF-B7F4-FB5A4F174633}.Release|Any CPU.Build.0 = Release|Any CPU
		{31013B81-A6C5-47BF-BF92-D95B577FDF92}.Debug|Any CPU.ActiveCfg = Debug|Any CPU
		{31013B81-A6C5-47BF-BF92-D95B577FDF92}.Debug|Any CPU.Build.0 = Debug|Any CPU
		{31013B81-A6C5-47BF-BF92-D95B577FDF92}.Release|Any CPU.ActiveCfg = Release|Any CPU
		{31013B81-A6C5-47BF-BF92-D95B577FDF92}.Release|Any CPU.Build.0 = Release|Any CPU
		{4F66E2E0-C89A-47D9-933C-8072B6EBDD73}.Debug|Any CPU.ActiveCfg = Debug|Any CPU
		{4F66E2E0-C89A-47D9-933C-8072B6EBDD73}.Debug|Any CPU.Build.0 = Debug|Any CPU
		{4F66E2E0-C89A-47D9-933C-8072B6EBDD73}.Release|Any CPU.ActiveCfg = Release|Any CPU
		{4F66E2E0-C89A-47D9-933C-8072B6EBDD73}.Release|Any CPU.Build.0 = Release|Any CPU
	EndGlobalSection
	GlobalSection(SolutionProperties) = preSolution
		HideSolutionNode = FALSE
	EndGlobalSection
	GlobalSection(ExtensibilityGlobals) = postSolution
		SolutionGuid = {FDC26A45-975E-4C23-BE7D-94365262E0D4}
	EndGlobalSection
EndGlobal
